<Solution>
  <Folder Name="/docs/">
    <File Path="docs/design-format.md" />
    <File Path="docs/design-guid-id.md" />
    <File Path="docs/design-sync-engine.md" />
    <File Path="docs/design-update-delete.md" />
  </Folder>
  <Folder Name="/Files/">
    <File Path="CONTRIBUTING.md" />
    <File Path="README.md" />
    <File Path="TODO.md" />
  </Folder>
  <Project Path="Qvec.Api/Qvec.Api.csproj" Id="deeefb8b-bf4d-4a3a-a8eb-ef59bd50f54b" />
  <Project Path="Qvec.Console.Test/Qvec.Console.Test.csproj" Id="07307dc3-afe3-4fcf-8341-9cf951665a75" />
  <Project Path="Qvec.Console/Qvec.Console.csproj" Id="5a92a05d-d3e9-4ca4-9e06-89b48ce62fbb" />
  <Project Path="Qvec.Core.Client/Qvec.Core.Client.csproj" Id="86f2dcde-4102-4f82-9de3-d3acb2e8eb27" />
  <Project Path="Qvec.Core/Qvec.Core.csproj" Id="d140938d-34d5-4a7a-baf6-05162fe06a03" />
  <Project Path="Qvec.Extensions.VectorData/Qvec.Extensions.VectorData.csproj" />
  <Project Path="Qvec.SourceGen/Qvec.SourceGen.csproj" />
  <Project Path="Qvec.Sync/Qvec.Sync.csproj" />
  <Folder Name="/samples/">
    <Project Path="samples/Qvec.Samples.Readme/Qvec.Samples.Readme.csproj" />
    <Project Path="samples/Qvec.Samples.Sync/Qvec.Samples.Sync.csproj" />
  </Folder>
  <Folder Name="/benchmarks/">
    <Project Path="benchmarks/Qvec.Benchmarks/Qvec.Benchmarks.csproj" />
    <Project Path="benchmarks/Qvec.MicroBenchmarks/Qvec.MicroBenchmarks.csproj" />
  </Folder>
  <Folder Name="/tests/">
    <Project Path="tests/Qvec.Api.Tests/Qvec.Api.Tests.csproj" />
    <Project Path="tests/Qvec.Benchmarks.Tests/Qvec.Benchmarks.Tests.csproj" />
    <Project Path="tests/Qvec.Core.Tests/Qvec.Core.Tests.csproj" />
    <Project Path="tests/Qvec.Core.Client.Tests/Qvec.Core.Client.Tests.csproj" />
    <Project Path="tests/Qvec.Extensions.VectorData.Tests/Qvec.Extensions.VectorData.Tests.csproj" />
    <Project Path="tests/Qvec.Sync.Tests/Qvec.Sync.Tests.csproj" />
  </Folder>
</Solution>
